
Microsoft Visual Studio Solution File, Format Version 12.00
# Visual Studio Version 17
VisualStudioVersion = 17.0.31919.166
MinimumVisualStudioVersion = 10.0.40219.1
Project("{FAE04EC0-301F-11D3-BF4B-00C04F79EFBC}") = "SpaceZ", "SpaceZ\SpaceZ.csproj", "{1998E082-DA25-4838-9D12-29C73C98E1AD}"
EndProject
Project("{FAE04EC0-301F-11D3-BF4B-00C04F79EFBC}") = "DSN", "DSN\DSN.csproj", "{483EF656-9E0E-4840-9AAA-B3776F66E376}"
EndProject
Project("{FAE04EC0-301F-11D3-BF4B-00C04F79EFBC}") = "SpaceZPayloadInfo", "SpaceZPayloadInfo\SpaceZPayloadInfo.csproj", "{65622616-533A-47C7-B626-145304EBC4AA}"
EndProject
Global
	GlobalSection(SolutionConfigurationPlatforms) = preSolution
		Debug|Any CPU = Debug|Any CPU
		Release|Any CPU = Release|Any CPU
	EndGlobalSection
	GlobalSection(ProjectConfigurationPlatforms) = postSolution
		{1998E082-DA25-4838-9D12-29C73C98E1AD}.Debug|Any CPU.ActiveCfg = Debug|Any CPU
		{1998E082-DA25-4838-9D12-29C73C98E1AD}.Debug|Any CPU.Build.0 = Debug|Any CPU
		{1998E082-DA25-4838-9D12-29C73C98E1AD}.Release|Any CPU.ActiveCfg = Release|Any CPU
		{1998E082-DA25-4838-9D12-29C73C98E1AD}.Release|Any CPU.Build.0 = Release|Any CPU
		{483EF656-9E0E-4840-9AAA-B3776F66E376}.Debug|Any CPU.ActiveCfg = Debug|Any CPU
		{483EF656-9E0E-4840-9AAA-B3776F66E376}.Debug|Any CPU.Build.0 = Debug|Any CPU
		{483EF656-9E0E-4840-9AAA-B3776F66E376}.Release|Any CPU.ActiveCfg = Release|Any CPU
		{483EF656-9E0E-4840-9AAA-B3776F66E376}.Release|Any CPU.Build.0 = Release|Any CPU
		{65622616-533A-47C7-B626-145304EBC4AA}.Debug|Any CPU.ActiveCfg = Debug|Any CPU
		{65622616-533A-47C7-B626-145304EBC4AA}.Debug|Any CPU.Build.0 = Debug|Any CPU
		{65622616-533A-47C7-B626-145304EBC4AA}.Release|Any CPU.ActiveCfg = Release|Any CPU
		{65622616-533A-47C7-B626-145304EBC4AA}.Release|Any CPU.Build.0 = Release|Any CPU
	EndGlobalSection
	GlobalSection(SolutionProperties) = preSolution
		HideSolutionNode = FALSE
	EndGlobalSection
	GlobalSection(ExtensibilityGlobals) = postSolution
		SolutionGuid = {463FAE32-6047-483C-B3CC-4C7F599645BB}
	EndGlobalSection
EndGlobal
